
Microsoft Visual Studio Solution File, Format Version 12.00
# Visual Studio Version 17
VisualStudioVersion = 17.11.35312.102
MinimumVisualStudioVersion = 10.0.40219.1
Project("{FAE04EC0-301F-11D3-BF4B-00C04F79EFBC}") = "2DArray", "2DArray.csproj", "{1A04D667-ABD2-41A2-AF1B-2732E81543F7}"
EndProject
Global
	GlobalSection(SolutionConfigurationPlatforms) = preSolution
		Debug|Any CPU = Debug|Any CPU
		Release|Any CPU = Release|Any CPU
	EndGlobalSection
	GlobalSection(ProjectConfigurationPlatforms) = postSolution
		{1A04D667-ABD2-41A2-AF1B-2732E81543F7}.Debug|Any CPU.ActiveCfg = Debug|Any CPU
		{1A04D667-ABD2-41A2-AF1B-2732E81543F7}.Debug|Any CPU.Build.0 = Debug|Any CPU
		{1A04D667-ABD2-41A2-AF1B-2732E81543F7}.Release|Any CPU.ActiveCfg = Release|Any CPU
		{1A04D667-ABD2-41A2-AF1B-2732E81543F7}.Release|Any CPU.Build.0 = Release|Any CPU
	EndGlobalSection
	GlobalSection(SolutionProperties) = preSolution
		HideSolutionNode = FALSE
	EndGlobalSection
	GlobalSection(ExtensibilityGlobals) = postSolution
		SolutionGuid = {765D06F0-8BD5-452E-85C8-48EE324DE9EF}
	EndGlobalSection
EndGlobal
